
Microsoft Visual Studio Solution File, Format Version 12.00
# Visual Studio Version 17
VisualStudioVersion = 17.4.33205.214
MinimumVisualStudioVersion = 10.0.40219.1
Project("{9A19103F-16F7-4668-BE54-9A1E7A4F7556}") = "InvicemTD", "InvicemTD.csproj", "{5EC75389-D480-4942-96CC-1D742DF01AEB}"
EndProject
Global
	GlobalSection(SolutionConfigurationPlatforms) = preSolution
		Debug|Any CPU = Debug|Any CPU
		ExportDebug|Any CPU = ExportDebug|Any CPU
		ExportRelease|Any CPU = ExportRelease|Any CPU
	EndGlobalSection
	GlobalSection(ProjectConfigurationPlatforms) = postSolution
		{5EC75389-D480-4942-96CC-1D742DF01AEB}.Debug|Any CPU.ActiveCfg = Debug|Any CPU
		{5EC75389-D480-4942-96CC-1D742DF01AEB}.Debug|Any CPU.Build.0 = Debug|Any CPU
		{5EC75389-D480-4942-96CC-1D742DF01AEB}.ExportDebug|Any CPU.ActiveCfg = ExportDebug|Any CPU
		{5EC75389-D480-4942-96CC-1D742DF01AEB}.ExportDebug|Any CPU.Build.0 = ExportDebug|Any CPU
		{5EC75389-D480-4942-96CC-1D742DF01AEB}.ExportRelease|Any CPU.ActiveCfg = ExportRelease|Any CPU
		{5EC75389-D480-4942-96CC-1D742DF01AEB}.ExportRelease|Any CPU.Build.0 = ExportRelease|Any CPU
	EndGlobalSection
	GlobalSection(SolutionProperties) = preSolution
		HideSolutionNode = FALSE
	EndGlobalSection
	GlobalSection(ExtensibilityGlobals) = postSolution
		SolutionGuid = {D5DDEA0D-79B9-43D8-A291-A85FC5E27D0B}
	EndGlobalSection
EndGlobal
